
Microsoft Visual Studio Solution File, Format Version 12.00
# Visual Studio Version 16
VisualStudioVersion = 16.0.31229.75
MinimumVisualStudioVersion = 10.0.40219.1
Project("{FAE04EC0-301F-11D3-BF4B-00C04F79EFBC}") = "_01_Cafe_Console", "_01_Cafe_Console\_01_Cafe_Console.csproj", "{A3C1A4B6-2F78-4846-B1BF-5E26A1ED7460}"
EndProject
Project("{FAE04EC0-301F-11D3-BF4B-00C04F79EFBC}") = "_01_Cafe_Repository", "_01_Cafe_Repository\_01_Cafe_Repository.csproj", "{3E4532B3-C628-4DA8-B2D3-B7DD948B284A}"
EndProject
Project("{FAE04EC0-301F-11D3-BF4B-00C04F79EFBC}") = "_01_Cafe_Tests", "_01_Cafe_Tests\_01_Cafe_Tests.csproj", "{6D259DC8-72A3-4FB7-8F8C-9E06A6DBF2C2}"
EndProject
Project("{FAE04EC0-301F-11D3-BF4B-00C04F79EFBC}") = "_00_Helper_Methods", "_00_Helper_Methods\_00_Helper_Methods.csproj", "{3558E1B9-6F2B-4789-B766-0CD6DA7EFB39}"
EndProject
Global
	GlobalSection(SolutionConfigurationPlatforms) = preSolution
		Debug|Any CPU = Debug|Any CPU
		Release|Any CPU = Release|Any CPU
	EndGlobalSection
	GlobalSection(ProjectConfigurationPlatforms) = postSolution
		{A3C1A4B6-2F78-4846-B1BF-5E26A1ED7460}.Debug|Any CPU.ActiveCfg = Debug|Any CPU
		{A3C1A4B6-2F78-4846-B1BF-5E26A1ED7460}.Debug|Any CPU.Build.0 = Debug|Any CPU
		{A3C1A4B6-2F78-4846-B1BF-5E26A1ED7460}.Release|Any CPU.ActiveCfg = Release|Any CPU
		{A3C1A4B6-2F78-4846-B1BF-5E26A1ED7460}.Release|Any CPU.Build.0 = Release|Any CPU
		{3E4532B3-C628-4DA8-B2D3-B7DD948B284A}.Debug|Any CPU.ActiveCfg = Debug|Any CPU
		{3E4532B3-C628-4DA8-B2D3-B7DD948B284A}.Debug|Any CPU.Build.0 = Debug|Any CPU
		{3E4532B3-C628-4DA8-B2D3-B7DD948B284A}.Release|Any CPU.ActiveCfg = Release|Any CPU
		{3E4532B3-C628-4DA8-B2D3-B7DD948B284A}.Release|Any CPU.Build.0 = Release|Any CPU
		{6D259DC8-72A3-4FB7-8F8C-9E06A6DBF2C2}.Debug|Any CPU.ActiveCfg = Debug|Any CPU
		{6D259DC8-72A3-4FB7-8F8C-9E06A6DBF2C2}.Debug|Any CPU.Build.0 = Debug|Any CPU
		{6D259DC8-72A3-4FB7-8F8C-9E06A6DBF2C2}.Release|Any CPU.ActiveCfg = Release|Any CPU
		{6D259DC8-72A3-4FB7-8F8C-9E06A6DBF2C2}.Release|Any CPU.Build.0 = Release|Any CPU
		{3558E1B9-6F2B-4789-B766-0CD6DA7EFB39}.Debug|Any CPU.ActiveCfg = Debug|Any CPU
		{3558E1B9-6F2B-4789-B766-0CD6DA7EFB39}.Debug|Any CPU.Build.0 = Debug|Any CPU
		{3558E1B9-6F2B-4789-B766-0CD6DA7EFB39}.Release|Any CPU.ActiveCfg = Release|Any CPU
		{3558E1B9-6F2B-4789-B766-0CD6DA7EFB39}.Release|Any CPU.Build.0 = Release|Any CPU
	EndGlobalSection
	GlobalSection(SolutionProperties) = preSolution
		HideSolutionNode = FALSE
	EndGlobalSection
	GlobalSection(ExtensibilityGlobals) = postSolution
		SolutionGuid = {DB00917A-149B-4A88-9169-C39E40FD1229}
	EndGlobalSection
EndGlobal
